// !$*UTF8*$!
{
	archiveVersion = 1;
	classes = {
	};
	objectVersion = 48;
	objects = {

/* Begin PBXBuildFile section */
		D7F8784A207C207D00911C19 /* AppDelegate.swift in Sources */ = {isa = PBXBuildFile; fileRef = D7F87849207C207D00911C19 /* AppDelegate.swift */; };
		D7F8784C207C207D00911C19 /* ViewController.swift in Sources */ = {isa = PBXBuildFile; fileRef = D7F8784B207C207D00911C19 /* ViewController.swift */; };
		D7F8784F207C207D00911C19 /* Main.storyboard in Resources */ = {isa = PBXBuildFile; fileRef = D7F8784D207C207D00911C19 /* Main.storyboard */; };
		D7F87852207C207D00911C19 /* RoadNoise.xcdatamodeld in Sources */ = {isa = PBXBuildFile; fileRef = D7F87850207C207D00911C19 /* RoadNoise.xcdatamodeld */; };
		D7F87854207C207D00911C19 /* Assets.xcassets in Resources */ = {isa = PBXBuildFile; fileRef = D7F87853207C207D00911C19 /* Assets.xcassets */; };
		D7F87857207C207D00911C19 /* LaunchScreen.storyboard in Resources */ = {isa = PBXBuildFile; fileRef = D7F87855207C207D00911C19 /* LaunchScreen.storyboard */; };
/* End PBXBuildFile section */

/* Begin PBXFileReference section */
		D7F87846207C207D00911C19 /* RoadNoise.app */ = {isa = PBXFileReference; explicitFileType = wrapper.application; includeInIndex = 0; path = RoadNoise.app; sourceTree = BUILT_PRODUCTS_DIR; };
		D7F87849207C207D00911C19 /* AppDelegate.swift */ = {isa = PBXFileReference; lastKnownFileType = sourcecode.swift; path = AppDelegate.swift; sourceTree = "<group>"; };
		D7F8784B207C207D00911C19 /* ViewController.swift */ = {isa = PBXFileReference; lastKnownFileType = sourcecode.swift; path = ViewController.swift; sourceTree = "<group>"; };
		D7F8784E207C207D00911C19 /* Base */ = {isa = PBXFileReference; lastKnownFileType = file.storyboard; name = Base; path = Base.lproj/Main.storyboard; sourceTree = "<group>"; };
		D7F87851207C207D00911C19 /* RoadNoise.xcdatamodel */ = {isa = PBXFileReference; lastKnownFileType = wrapper.xcdatamodel; path = RoadNoise.xcdatamodel; sourceTree = "<group>"; };
		D7F87853207C207D00911C19 /* Assets.xcassets */ = {isa = PBXFileReference; lastKnownFileType = folder.assetcatalog; path = Assets.xcassets; sourceTree = "<group>"; };
		D7F87856207C207D00911C19 /* Base */ = {isa = PBXFileReference; lastKnownFileType = file.storyboard; name = Base; path = Base.lproj/LaunchScreen.storyboard; sourceTree = "<group>"; };
		D7F87858207C207D00911C19 /* Info.plist */ = {isa = PBXFileReference; lastKnownFileType = text.plist.xml; path = Info.plist; sourceTree = "<group>"; };
/* End PBXFileReference section */

/* Begin PBXFrameworksBuildPhase section */
		D7F87843207C207D00911C19 /* Frameworks */ = {
			isa = PBXFrameworksBuildPhase;
			buildActionMask = 2147483647;
			files = (
			);
			runOnlyForDeploymentPostprocessing = 0;
		};
/* End PBXFrameworksBuildPhase section */

/* Begin PBXGroup section */
		D7F8783D207C207D00911C19 = {
			isa = PBXGroup;
			children = (
				D7F87848207C207D00911C19 /* RoadNoise */,
				D7F87847207C207D00911C19 /* Products */,
			);
			sourceTree = "<group>";
		};
		D7F87847207C207D00911C19 /* Products */ = {
			isa = PBXGroup;
			children = (
				D7F87846207C207D00911C19 /* RoadNoise.app */,
			);
			name = Products;
			sourceTree = "<group>";
		};
		D7F87848207C207D00911C19 /* RoadNoise */ = {
			isa = PBXGroup;
			children = (
				D7F87849207C207D00911C19 /* AppDelegate.swift */,
				D7F8784B207C207D00911C19 /* ViewController.swift */,
				D7F8784D207C207D00911C19 /* Main.storyboard */,
				D7F87853207C207D00911C19 /* Assets.xcassets */,
				D7F87855207C207D00911C19 /* LaunchScreen.storyboard */,
				D7F87858207C207D00911C19 /* Info.plist */,
				D7F87850207C207D00911C19 /* RoadNoise.xcdatamodeld */,
			);
			path = RoadNoise;
			sourceTree = "<group>";
		};
/* End PBXGroup section */

/* Begin PBXNativeTarget section */
		D7F87845207C207D00911C19 /* RoadNoise */ = {
			isa = PBXNativeTarget;
			buildConfigurationList = D7F8785B207C207D00911C19 /* Build configuration list for PBXNativeTarget "RoadNoise" */;
			buildPhases = (
				D7F87842207C207D00911C19 /* Sources */,
				D7F87843207C207D00911C19 /* Frameworks */,
				D7F87844207C207D00911C19 /* Resources */,
			);
			buildRules = (
			);
			dependencies = (
			);
			name = RoadNoise;
			productName = RoadNoise;
			productReference = D7F87846207C207D00911C19 /* RoadNoise.app */;
			productType = "com.apple.product-type.application";
		};
/* End PBXNativeTarget section */

/* Begin PBXProject section */
		D7F8783E207C207D00911C19 /* Project object */ = {
			isa = PBXProject;
			attributes = {
				LastSwiftUpdateCheck = 0920;
				LastUpgradeCheck = 0920;
				ORGANIZATIONNAME = "Pavan Sabnis";
				TargetAttributes = {
					D7F87845207C207D00911C19 = {
						CreatedOnToolsVersion = 9.2;
						ProvisioningStyle = Automatic;
					};
				};
			};
			buildConfigurationList = D7F87841207C207D00911C19 /* Build configuration list for PBXProject "RoadNoise" */;
			compatibilityVersion = "Xcode 8.0";
			developmentRegion = en;
			hasScannedForEncodings = 0;
			knownRegions = (
				en,
				Base,
			);
			mainGroup = D7F8783D207C207D00911C19;
			productRefGroup = D7F87847207C207D00911C19 /* Products */;
			projectDirPath = "";
			projectRoot = "";
			targets = (
				D7F87845207C207D00911C19 /* RoadNoise */,
			);
		};
/* End PBXProject section */

/* Begin PBXResourcesBuildPhase section */
		D7F87844207C207D00911C19 /* Resources */ = {
			isa = PBXResourcesBuildPhase;
			buildActionMask = 2147483647;
			files = (
				D7F87857207C207D00911C19 /* LaunchScreen.storyboard in Resources */,
				D7F87854207C207D00911C19 /* Assets.xcassets in Resources */,
				D7F8784F207C207D00911C19 /* Main.storyboard in Resources */,
			);
			runOnlyForDeploymentPostprocessing = 0;
		};
/* End PBXResourcesBuildPhase section */

/* Begin PBXSourcesBuildPhase section */
		D7F87842207C207D00911C19 /* Sources */ = {
			isa = PBXSourcesBuildPhase;
			buildActionMask = 2147483647;
			files = (
				D7F8784C207C207D00911C19 /* ViewController.swift in Sources */,
				D7F87852207C207D00911C19 /* RoadNoise.xcdatamodeld in Sources */,
				D7F8784A207C207D00911C19 /* AppDelegate.swift in Sources */,
			);
			runOnlyForDeploymentPostprocessing = 0;
		};
/* End PBXSourcesBuildPhase section */

/* Begin PBXVariantGroup section */
		D7F8784D207C207D00911C19 /* Main.storyboard */ = {
			isa = PBXVariantGroup;
			children = (
				D7F8784E207C207D00911C19 /* Base */,
			);
			name = Main.storyboard;
			sourceTree = "<group>";
		};
		D7F87855207C207D00911C19 /* LaunchScreen.storyboard */ = {
			isa = PBXVariantGroup;
			children = (
				D7F87856207C207D00911C19 /* Base */,
			);
			name = LaunchScreen.storyboard;
			sourceTree = "<group>";
		};
/* End PBXVariantGroup section */

/* Begin XCBuildConfiguration section */
		D7F87859207C207D00911C19 /* Debug */ = {
			isa = XCBuildConfiguration;
			buildSettings = {
				ALWAYS_SEARCH_USER_PATHS = NO;
				CLANG_ANALYZER_NONNULL = YES;
				CLANG_ANALYZER_NUMBER_OBJECT_CONVERSION = YES_AGGRESSIVE;
				CLANG_CXX_LANGUAGE_STANDARD = "gnu++14";
				CLANG_CXX_LIBRARY = "libc++";
				CLANG_ENABLE_MODULES = YES;
				CLANG_ENABLE_OBJC_ARC = YES;
				CLANG_WARN_BLOCK_CAPTURE_AUTORELEASING = YES;
				CLANG_WARN_BOOL_CONVERSION = YES;
				CLANG_WARN_COMMA = YES;
				CLANG_WARN_CONSTANT_CONVERSION = YES;
				CLANG_WARN_DIRECT_OBJC_ISA_USAGE = YES_ERROR;
				CLANG_WARN_DOCUMENTATION_COMMENTS = YES;
				CLANG_WARN_EMPTY_BODY = YES;
				CLANG_WARN_ENUM_CONVERSION = YES;
				CLANG_WARN_INFINITE_RECURSION = YES;
				CLANG_WARN_INT_CONVERSION = YES;
				CLANG_WARN_NON_LITERAL_NULL_CONVERSION = YES;
				CLANG_WARN_OBJC_LITERAL_CONVERSION = YES;
				CLANG_WARN_OBJC_ROOT_CLASS = YES_ERROR;
				CLANG_WARN_RANGE_LOOP_ANALYSIS = YES;
				CLANG_WARN_STRICT_PROTOTYPES = YES;
				CLANG_WARN_SUSPICIOUS_MOVE = YES;
				CLANG_WARN_UNGUARDED_AVAILABILITY = YES_AGGRESSIVE;
				CLANG_WARN_UNREACHABLE_CODE = YES;
				CLANG_WARN__DUPLICATE_METHOD_MATCH = YES;
				CODE_SIGN_IDENTITY = "iPhone Developer";
				COPY_PHASE_STRIP = NO;
				DEBUG_INFORMATION_FORMAT = dwarf;
				ENABLE_STRICT_OBJC_MSGSEND = YES;
				ENABLE_TESTABILITY = YES;
				GCC_C_LANGUAGE_STANDARD = gnu11;
				GCC_DYNAMIC_NO_PIC = NO;
				GCC_NO_COMMON_BLOCKS = YES;
				GCC_OPTIMIZATION_LEVEL = 0;
				GCC_PREPROCESSOR_DEFINITIONS = (
					"DEBUG=1",
					"$(inherited)",
				);
				GCC_WARN_64_TO_32_BIT_CONVERSION = YES;
				GCC_WARN_ABOUT_RETURN_TYPE = YES_ERROR;
				GCC_WARN_UNDECLARED_SELECTOR = YES;
				GCC_WARN_UNINITIALIZED_AUTOS = YES_AGGRESSIVE;
				GCC_WARN_UNUSED_FUNCTION = YES;
				GCC_WARN_UNUSED_VARIABLE = YES;
				IPHONEOS_DEPLOYMENT_TARGET = 11.2;
				MTL_ENABLE_DEBUG_INFO = YES;
				ONLY_ACTIVE_ARCH = YES;
				SDKROOT = iphoneos;
				SWIFT_ACTIVE_COMPILATION_CONDITIONS = DEBUG;
				SWIFT_OPTIMIZATION_LEVEL = "-Onone";
			};
			name = Debug;
		};
		D7F8785A207C207D00911C19 /* Release */ = {
			isa = XCBuildConfiguration;
			buildSettings = {
				ALWAYS_SEARCH_USER_PATHS = NO;
				CLANG_ANALYZER_NONNULL = YES;
				CLANG_ANALYZER_NUMBER_OBJECT_CONVERSION = YES_AGGRESSIVE;
				CLANG_CXX_LANGUAGE_STANDARD = "gnu++14";
				CLANG_CXX_LIBRARY = "libc++";
				CLANG_ENABLE_MODULES = YES;
				CLANG_ENABLE_OBJC_ARC = YES;
				CLANG_WARN_BLOCK_CAPTURE_AUTORELEASING = YES;
				CLANG_WARN_BOOL_CONVERSION = YES;
				CLANG_WARN_COMMA = YES;
				CLANG_WARN_CONSTANT_CONVERSION = YES;
				CLANG_WARN_DIRECT_OBJC_ISA_USAGE = YES_ERROR;
				CLANG_WARN_DOCUMENTATION_COMMENTS = YES;
				CLANG_WARN_EMPTY_BODY = YES;
				CLANG_WARN_ENUM_CONVERSION = YES;
				CLANG_WARN_INFINITE_RECURSION = YES;
				CLANG_WARN_INT_CONVERSION = YES;
				CLANG_WARN_NON_LITERAL_NULL_CONVERSION = YES;
				CLANG_WARN_OBJC_LITERAL_CONVERSION = YES;
				CLANG_WARN_OBJC_ROOT_CLASS = YES_ERROR;
				CLANG_WARN_RANGE_LOOP_ANALYSIS = YES;
				CLANG_WARN_STRICT_PROTOTYPES = YES;
				CLANG_WARN_SUSPICIOUS_MOVE = YES;
				CLANG_WARN_UNGUARDED_AVAILABILITY = YES_AGGRESSIVE;
				CLANG_WARN_UNREACHABLE_CODE = YES;
				CLANG_WARN__DUPLICATE_METHOD_MATCH = YES;
				CODE_SIGN_IDENTITY = "iPhone Developer";
				COPY_PHASE_STRIP = NO;
				DEBUG_INFORMATION_FORMAT = "dwarf-with-dsym";
				ENABLE_NS_ASSERTIONS = NO;
				ENABLE_STRICT_OBJC_MSGSEND = YES;
				GCC_C_LANGUAGE_STANDARD = gnu11;
				GCC_NO_COMMON_BLOCKS = YES;
				GCC_WARN_64_TO_32_BIT_CONVERSION = YES;
				GCC_WARN_ABOUT_RETURN_TYPE = YES_ERROR;
				GCC_WARN_UNDECLARED_SELECTOR = YES;
				GCC_WARN_UNINITIALIZED_AUTOS = YES_AGGRESSIVE;
				GCC_WARN_UNUSED_FUNCTION = YES;
				GCC_WARN_UNUSED_VARIABLE = YES;
				IPHONEOS_DEPLOYMENT_TARGET = 11.2;
				MTL_ENABLE_DEBUG_INFO = NO;
				SDKROOT = iphoneos;
				SWIFT_OPTIMIZATION_LEVEL = "-Owholemodule";
				VALIDATE_PRODUCT = YES;
			};
			name = Release;
		};
		D7F8785C207C207D00911C19 /* Debug */ = {
			isa = XCBuildConfiguration;
			buildSettings = {
				ASSETCATALOG_COMPILER_APPICON_NAME = AppIcon;
				CODE_SIGN_STYLE = Automatic;
				DEVELOPMENT_TEAM = 2FQSD3VVDB;
				INFOPLIST_FILE = RoadNoise/Info.plist;
				LD_RUNPATH_SEARCH_PATHS = "$(inherited) @executable_path/Frameworks";
				PRODUCT_BUNDLE_IDENTIFIER = com.sam.RoadNoise;
				PRODUCT_NAME = "$(TARGET_NAME)";
				SWIFT_VERSION = 4.0;
				TARGETED_DEVICE_FAMILY = "1,2";
			};
			name = Debug;
		};
		D7F8785D207C207D00911C19 /* Release */ = {
			isa = XCBuildConfiguration;
			buildSettings = {
				ASSETCATALOG_COMPILER_APPICON_NAME = AppIcon;
				CODE_SIGN_STYLE = Automatic;
				DEVELOPMENT_TEAM = 2FQSD3VVDB;
				INFOPLIST_FILE = RoadNoise/Info.plist;
				LD_RUNPATH_SEARCH_PATHS = "$(inherited) @executable_path/Frameworks";
				PRODUCT_BUNDLE_IDENTIFIER = com.sam.RoadNoise;
				PRODUCT_NAME = "$(TARGET_NAME)";
				SWIFT_VERSION = 4.0;
				TARGETED_DEVICE_FAMILY = "1,2";
			};
			name = Release;
		};
/* End XCBuildConfiguration section */

/* Begin XCConfigurationList section */
		D7F87841207C207D00911C19 /* Build configuration list for PBXProject "RoadNoise" */ = {
			isa = XCConfigurationList;
			buildConfigurations = (
				D7F87859207C207D00911C19 /* Debug */,
				D7F8785A207C207D00911C19 /* Release */,
			);
			defaultConfigurationIsVisible = 0;
			defaultConfigurationName = Release;
		};
		D7F8785B207C207D00911C19 /* Build configuration list for PBXNativeTarget "RoadNoise" */ = {
			isa = XCConfigurationList;
			buildConfigurations = (
				D7F8785C207C207D00911C19 /* Debug */,
				D7F8785D207C207D00911C19 /* Release */,
			);
			defaultConfigurationIsVisible = 0;
			defaultConfigurationName = Release;
		};
/* End XCConfigurationList section */

/* Begin XCVersionGroup section */
		D7F87850207C207D00911C19 /* RoadNoise.xcdatamodeld */ = {
			isa = XCVersionGroup;
			children = (
				D7F87851207C207D00911C19 /* RoadNoise.xcdatamodel */,
			);
			currentVersion = D7F87851207C207D00911C19 /* RoadNoise.xcdatamodel */;
			path = RoadNoise.xcdatamodeld;
			sourceTree = "<group>";
			versionGroupType = wrapper.xcdatamodel;
		};
/* End XCVersionGroup section */
	};
	rootObject = D7F8783E207C207D00911C19 /* Project object */;
}
